
Microsoft Visual Studio Solution File, Format Version 12.00
# Visual Studio 15
VisualStudioVersion = 15.0.28307.421
MinimumVisualStudioVersion = 10.0.40219.1
Project("{8BC9CEB8-8B4A-11D0-8D11-00A0C91BC942}") = "UnitTestApp1", "..\..\adobepie\test\unit_tests\build\uwp\internal\UnitTestApp1.vcxproj", "{A960247A-3757-4FD1-BCE0-E5871F47EEAF}"
	ProjectSection(ProjectDependencies) = postProject
		{A0765271-8EED-DC74-AEA5-A064D08B7DB9} = {A0765271-8EED-DC74-AEA5-A064D08B7DB9}
		{CC9C607F-6CCC-F4C7-9C70-E84FB0BDF1DC} = {CC9C607F-6CCC-F4C7-9C70-E84FB0BDF1DC}
		{353C3ACB-4A02-1776-E444-0212C9467845} = {353C3ACB-4A02-1776-E444-0212C9467845}
	EndProjectSection
EndProject
Project("{8BC9CEB8-8B4A-11D0-8D11-00A0C91BC942}") = "boost_system_uwp", "..\..\..\shared\projects\boost\boost_system_uwp.vcxproj", "{A0765271-8EED-DC74-AEA5-A064D08B7DB9}"
EndProject
Project("{8BC9CEB8-8B4A-11D0-8D11-00A0C91BC942}") = "boost_filesystem_uwp", "..\..\..\shared\projects\boost\boost_filesystem_uwp.vcxproj", "{353C3ACB-4A02-1776-E444-0212C9467845}"
EndProject
Project("{8BC9CEB8-8B4A-11D0-8D11-00A0C91BC942}") = "pie_unit_tests_lib_uwp", "pie_unit_tests_lib_uwp.vcxproj", "{CC9C607F-6CCC-F4C7-9C70-E84FB0BDF1DC}"
EndProject
Global
	GlobalSection(SolutionConfigurationPlatforms) = preSolution
		Debug|x64 = Debug|x64
		Release|x64 = Release|x64
	EndGlobalSection
	GlobalSection(ProjectConfigurationPlatforms) = postSolution
		{A960247A-3757-4FD1-BCE0-E5871F47EEAF}.Debug|x64.ActiveCfg = Debug|x64
		{A960247A-3757-4FD1-BCE0-E5871F47EEAF}.Debug|x64.Build.0 = Debug|x64
		{A960247A-3757-4FD1-BCE0-E5871F47EEAF}.Debug|x64.Deploy.0 = Debug|x64
		{A960247A-3757-4FD1-BCE0-E5871F47EEAF}.Release|x64.ActiveCfg = Release|x64
		{A960247A-3757-4FD1-BCE0-E5871F47EEAF}.Release|x64.Build.0 = Release|x64
		{A960247A-3757-4FD1-BCE0-E5871F47EEAF}.Release|x64.Deploy.0 = Release|x64
		{A0765271-8EED-DC74-AEA5-A064D08B7DB9}.Debug|x64.ActiveCfg = Debug|x64
		{A0765271-8EED-DC74-AEA5-A064D08B7DB9}.Debug|x64.Build.0 = Debug|x64
		{A0765271-8EED-DC74-AEA5-A064D08B7DB9}.Release|x64.ActiveCfg = Release|x64
		{A0765271-8EED-DC74-AEA5-A064D08B7DB9}.Release|x64.Build.0 = Release|x64
		{353C3ACB-4A02-1776-E444-0212C9467845}.Debug|x64.ActiveCfg = Debug|x64
		{353C3ACB-4A02-1776-E444-0212C9467845}.Debug|x64.Build.0 = Debug|x64
		{353C3ACB-4A02-1776-E444-0212C9467845}.Release|x64.ActiveCfg = Release|x64
		{353C3ACB-4A02-1776-E444-0212C9467845}.Release|x64.Build.0 = Release|x64
		{CC9C607F-6CCC-F4C7-9C70-E84FB0BDF1DC}.Debug|x64.ActiveCfg = Debug|x64
		{CC9C607F-6CCC-F4C7-9C70-E84FB0BDF1DC}.Debug|x64.Build.0 = Debug|x64
		{CC9C607F-6CCC-F4C7-9C70-E84FB0BDF1DC}.Release|x64.ActiveCfg = Release|x64
		{CC9C607F-6CCC-F4C7-9C70-E84FB0BDF1DC}.Release|x64.Build.0 = Release|x64
	EndGlobalSection
	GlobalSection(SolutionProperties) = preSolution
		HideSolutionNode = FALSE
	EndGlobalSection
	GlobalSection(ExtensibilityGlobals) = postSolution
		SolutionGuid = {B76A13F6-986A-4CBF-A99A-B7B6606DA106}
	EndGlobalSection
EndGlobal
